
Microsoft Visual Studio Solution File, Format Version 12.00
# Visual Studio Version 17
VisualStudioVersion = 17.0.32014.148
MinimumVisualStudioVersion = 10.0.40219.1
Project("{D954291E-2A0B-460D-934E-DC6B0785DB48}") = "SmartCmdArgs.Shared", "SmartCmdArgs.Shared\SmartCmdArgs.Shared.shproj", "{676C8571-FC9D-43DD-948E-897817A07039}"
EndProject
Project("{FAE04EC0-301F-11D3-BF4B-00C04F79EFBC}") = "SmartCmdArgs17", "SmartCmdArgs17\SmartCmdArgs17.csproj", "{FC5FA6D9-AD78-4915-B47C-AF9EEAE5DD86}"
EndProject
Project("{FAE04EC0-301F-11D3-BF4B-00C04F79EFBC}") = "SmartCmdArgs16", "SmartCmdArgs16\SmartCmdArgs16.csproj", "{BE0ACAF0-CBF3-47B3-BC3F-7A5CBBABB7AE}"
EndProject
Project("{FAE04EC0-301F-11D3-BF4B-00C04F79EFBC}") = "SmartCmdArgs15", "SmartCmdArgs15\SmartCmdArgs15.csproj", "{745982F0-9E21-4F74-B349-788957F07D38}"
EndProject
Global
	GlobalSection(SharedMSBuildProjectFiles) = preSolution
		SmartCmdArgs.Shared\SmartCmdArgs.Shared.projitems*{676c8571-fc9d-43dd-948e-897817a07039}*SharedItemsImports = 13
		SmartCmdArgs.Shared\SmartCmdArgs.Shared.projitems*{745982f0-9e21-4f74-b349-788957f07d38}*SharedItemsImports = 4
		SmartCmdArgs.Shared\SmartCmdArgs.Shared.projitems*{be0acaf0-cbf3-47b3-bc3f-7a5cbbabb7ae}*SharedItemsImports = 4
		SmartCmdArgs.Shared\SmartCmdArgs.Shared.projitems*{fc5fa6d9-ad78-4915-b47c-af9eeae5dd86}*SharedItemsImports = 4
	EndGlobalSection
	GlobalSection(SolutionConfigurationPlatforms) = preSolution
		Debug|Any CPU = Debug|Any CPU
		Debug|x86 = Debug|x86
		Release|Any CPU = Release|Any CPU
		Release|x86 = Release|x86
	EndGlobalSection
	GlobalSection(ProjectConfigurationPlatforms) = postSolution
		{FC5FA6D9-AD78-4915-B47C-AF9EEAE5DD86}.Debug|Any CPU.ActiveCfg = Debug|Any CPU
		{FC5FA6D9-AD78-4915-B47C-AF9EEAE5DD86}.Debug|Any CPU.Build.0 = Debug|Any CPU
		{FC5FA6D9-AD78-4915-B47C-AF9EEAE5DD86}.Debug|x86.ActiveCfg = Debug|x86
		{FC5FA6D9-AD78-4915-B47C-AF9EEAE5DD86}.Debug|x86.Build.0 = Debug|x86
		{FC5FA6D9-AD78-4915-B47C-AF9EEAE5DD86}.Release|Any CPU.ActiveCfg = Release|Any CPU
		{FC5FA6D9-AD78-4915-B47C-AF9EEAE5DD86}.Release|Any CPU.Build.0 = Release|Any CPU
		{FC5FA6D9-AD78-4915-B47C-AF9EEAE5DD86}.Release|x86.ActiveCfg = Release|x86
		{FC5FA6D9-AD78-4915-B47C-AF9EEAE5DD86}.Release|x86.Build.0 = Release|x86
		{BE0ACAF0-CBF3-47B3-BC3F-7A5CBBABB7AE}.Debug|Any CPU.ActiveCfg = Debug|Any CPU
		{BE0ACAF0-CBF3-47B3-BC3F-7A5CBBABB7AE}.Debug|Any CPU.Build.0 = Debug|Any CPU
		{BE0ACAF0-CBF3-47B3-BC3F-7A5CBBABB7AE}.Debug|x86.ActiveCfg = Debug|x86
		{BE0ACAF0-CBF3-47B3-BC3F-7A5CBBABB7AE}.Debug|x86.Build.0 = Debug|x86
		{BE0ACAF0-CBF3-47B3-BC3F-7A5CBBABB7AE}.Release|Any CPU.ActiveCfg = Release|Any CPU
		{BE0ACAF0-CBF3-47B3-BC3F-7A5CBBABB7AE}.Release|Any CPU.Build.0 = Release|Any CPU
		{BE0ACAF0-CBF3-47B3-BC3F-7A5CBBABB7AE}.Release|x86.ActiveCfg = Release|x86
		{BE0ACAF0-CBF3-47B3-BC3F-7A5CBBABB7AE}.Release|x86.Build.0 = Release|x86
		{745982F0-9E21-4F74-B349-788957F07D38}.Debug|Any CPU.ActiveCfg = Debug|Any CPU
		{745982F0-9E21-4F74-B349-788957F07D38}.Debug|Any CPU.Build.0 = Debug|Any CPU
		{745982F0-9E21-4F74-B349-788957F07D38}.Debug|x86.ActiveCfg = Debug|x86
		{745982F0-9E21-4F74-B349-788957F07D38}.Debug|x86.Build.0 = Debug|x86
		{745982F0-9E21-4F74-B349-788957F07D38}.Release|Any CPU.ActiveCfg = Release|Any CPU
		{745982F0-9E21-4F74-B349-788957F07D38}.Release|Any CPU.Build.0 = Release|Any CPU
		{745982F0-9E21-4F74-B349-788957F07D38}.Release|x86.ActiveCfg = Release|x86
		{745982F0-9E21-4F74-B349-788957F07D38}.Release|x86.Build.0 = Release|x86
	EndGlobalSection
	GlobalSection(SolutionProperties) = preSolution
		HideSolutionNode = FALSE
	EndGlobalSection
	GlobalSection(ExtensibilityGlobals) = postSolution
		SolutionGuid = {31AF3769-0BE0-43A8-924B-0C272428BCBF}
	EndGlobalSection
EndGlobal
