
Microsoft Visual Studio Solution File, Format Version 12.00
# Visual Studio 15
VisualStudioVersion = 15.0.26228.9
MinimumVisualStudioVersion = 10.0.40219.1
Project("{FAE04EC0-301F-11D3-BF4B-00C04F79EFBC}") = "Project1", "Project1\Project1.csproj", "{BF1E613C-E250-4D97-915A-14BC1CB9C46B}"
EndProject
Global
	GlobalSection(SolutionConfigurationPlatforms) = preSolution
		Debug|Any CPU = Debug|Any CPU
		Release|Any CPU = Release|Any CPU
	EndGlobalSection
	GlobalSection(ProjectConfigurationPlatforms) = postSolution
		{BF1E613C-E250-4D97-915A-14BC1CB9C46B}.Debug|Any CPU.ActiveCfg = Debug|Any CPU
		{BF1E613C-E250-4D97-915A-14BC1CB9C46B}.Debug|Any CPU.Build.0 = Debug|Any CPU
		{BF1E613C-E250-4D97-915A-14BC1CB9C46B}.Release|Any CPU.ActiveCfg = Release|Any CPU
		{BF1E613C-E250-4D97-915A-14BC1CB9C46B}.Release|Any CPU.Build.0 = Release|Any CPU
	EndGlobalSection
	GlobalSection(SolutionProperties) = preSolution
		HideSolutionNode = FALSE
	EndGlobalSection
EndGlobal
