
Microsoft Visual Studio Solution File, Format Version 12.00
# Visual Studio 15
VisualStudioVersion = 15.0.26228.9
MinimumVisualStudioVersion = 10.0.40219.1
Project("{9092AA53-FB77-4645-B42D-1CCCA6BD08BD}") = "Project1", "Project1\Project1.njsproj", "{582DB5AF-C757-4C83-AB74-123FD8A6FFC1}"
EndProject
Global
	GlobalSection(SolutionConfigurationPlatforms) = preSolution
		Debug|Any CPU = Debug|Any CPU
		Release|Any CPU = Release|Any CPU
	EndGlobalSection
	GlobalSection(ProjectConfigurationPlatforms) = postSolution
		{582DB5AF-C757-4C83-AB74-123FD8A6FFC1}.Debug|Any CPU.ActiveCfg = Debug|Any CPU
		{582DB5AF-C757-4C83-AB74-123FD8A6FFC1}.Debug|Any CPU.Build.0 = Debug|Any CPU
		{582DB5AF-C757-4C83-AB74-123FD8A6FFC1}.Release|Any CPU.ActiveCfg = Release|Any CPU
		{582DB5AF-C757-4C83-AB74-123FD8A6FFC1}.Release|Any CPU.Build.0 = Release|Any CPU
	EndGlobalSection
	GlobalSection(SolutionProperties) = preSolution
		HideSolutionNode = FALSE
	EndGlobalSection
EndGlobal
