
Microsoft Visual Studio Solution File, Format Version 12.00
# Visual Studio Version 17
VisualStudioVersion = 17.9.34616.47
MinimumVisualStudioVersion = 10.0.40219.1
Project("{FAE04EC0-301F-11D3-BF4B-00C04F79EFBC}") = "CS_DotNetFramework", "CS_DotNetFramework\CS_DotNetFramework.csproj", "{7894FB32-382D-43F2-98D6-BE7ADDADD6E6}"
EndProject
Project("{9A19103F-16F7-4668-BE54-9A1E7A4F7556}") = "CS_DotNetCore", "CS_DotNetCore\CS_DotNetCore.csproj", "{D22194FB-216F-4518-A630-F33113E4E0CD}"
EndProject
Project("{F184B08F-C81C-45F6-A57F-5ABD9991F28F}") = "VB_DotNetFramework", "VB_DotNetFramework\VB_DotNetFramework.vbproj", "{056D19F3-6C8E-4A7B-906B-2BC348C155B9}"
EndProject
Project("{778DAE3C-4631-46EA-AA77-85C1314464D9}") = "VB_DotNetCore", "VB_DotNetCore\VB_DotNetCore.vbproj", "{C0DEC54D-838B-40D1-AB1A-6787B37A0264}"
EndProject
Project("{6EC3EE1D-3C4E-46DD-8F32-0CC8E7565705}") = "FS_DotNetCore", "FS_DotNetCore\FS_DotNetCore.fsproj", "{E4BBAC68-1431-4E43-8081-8347F3C5D25C}"
EndProject
Project("{9092AA53-FB77-4645-B42D-1CCCA6BD08BD}") = "JS_NodeJS", "JS_NodeJS\JS_NodeJS.njsproj", "{7FBDDCB8-DEE9-4875-A283-491D5A411F22}"
EndProject
Project("{888888A0-9F3D-457C-B088-3A5042F75D52}") = "PY_Python", "PY_Python\PY_Python.pyproj", "{1C626E1E-4F13-4F71-99BA-DD2F8E5A2F44}"
EndProject
Project("{8BC9CEB8-8B4A-11D0-8D11-00A0C91BC942}") = "CPP_Windows", "CPP_Windows\CPP_Windows.vcxproj", "{AFE8C263-C29A-48F1-BCE4-83D3767BA49C}"
EndProject
Project("{FAE04EC0-301F-11D3-BF4B-00C04F79EFBC}") = "BlaBlubb_RenameDummy", "BlaBlubb_RenameDummy\BlaBlubb_RenameDummy.csproj", "{090F088A-4CA7-4AD5-A675-CE00174E9C98}"
EndProject
Project("{9A19103F-16F7-4668-BE54-9A1E7A4F7556}") = "CS_DotNet", "CS_DotNet\CS_DotNet.csproj", "{2C09259A-8BDE-4A13-90C9-120F87949E0D}"
EndProject
Global
	GlobalSection(SolutionConfigurationPlatforms) = preSolution
		Debug|Any CPU = Debug|Any CPU
		Debug|x64 = Debug|x64
		Debug|x86 = Debug|x86
		Release|Any CPU = Release|Any CPU
		Release|x64 = Release|x64
		Release|x86 = Release|x86
	EndGlobalSection
	GlobalSection(ProjectConfigurationPlatforms) = postSolution
		{7894FB32-382D-43F2-98D6-BE7ADDADD6E6}.Debug|Any CPU.ActiveCfg = Debug|Any CPU
		{7894FB32-382D-43F2-98D6-BE7ADDADD6E6}.Debug|Any CPU.Build.0 = Debug|Any CPU
		{7894FB32-382D-43F2-98D6-BE7ADDADD6E6}.Debug|x64.ActiveCfg = Debug|Any CPU
		{7894FB32-382D-43F2-98D6-BE7ADDADD6E6}.Debug|x64.Build.0 = Debug|Any CPU
		{7894FB32-382D-43F2-98D6-BE7ADDADD6E6}.Debug|x86.ActiveCfg = Debug|Any CPU
		{7894FB32-382D-43F2-98D6-BE7ADDADD6E6}.Debug|x86.Build.0 = Debug|Any CPU
		{7894FB32-382D-43F2-98D6-BE7ADDADD6E6}.Release|Any CPU.ActiveCfg = Release|Any CPU
		{7894FB32-382D-43F2-98D6-BE7ADDADD6E6}.Release|Any CPU.Build.0 = Release|Any CPU
		{7894FB32-382D-43F2-98D6-BE7ADDADD6E6}.Release|x64.ActiveCfg = Release|Any CPU
		{7894FB32-382D-43F2-98D6-BE7ADDADD6E6}.Release|x64.Build.0 = Release|Any CPU
		{7894FB32-382D-43F2-98D6-BE7ADDADD6E6}.Release|x86.ActiveCfg = Release|Any CPU
		{7894FB32-382D-43F2-98D6-BE7ADDADD6E6}.Release|x86.Build.0 = Release|Any CPU
		{D22194FB-216F-4518-A630-F33113E4E0CD}.Debug|Any CPU.ActiveCfg = Debug|Any CPU
		{D22194FB-216F-4518-A630-F33113E4E0CD}.Debug|Any CPU.Build.0 = Debug|Any CPU
		{D22194FB-216F-4518-A630-F33113E4E0CD}.Debug|x64.ActiveCfg = Debug|Any CPU
		{D22194FB-216F-4518-A630-F33113E4E0CD}.Debug|x64.Build.0 = Debug|Any CPU
		{D22194FB-216F-4518-A630-F33113E4E0CD}.Debug|x86.ActiveCfg = Debug|Any CPU
		{D22194FB-216F-4518-A630-F33113E4E0CD}.Debug|x86.Build.0 = Debug|Any CPU
		{D22194FB-216F-4518-A630-F33113E4E0CD}.Release|Any CPU.ActiveCfg = Release|Any CPU
		{D22194FB-216F-4518-A630-F33113E4E0CD}.Release|Any CPU.Build.0 = Release|Any CPU
		{D22194FB-216F-4518-A630-F33113E4E0CD}.Release|x64.ActiveCfg = Release|Any CPU
		{D22194FB-216F-4518-A630-F33113E4E0CD}.Release|x64.Build.0 = Release|Any CPU
		{D22194FB-216F-4518-A630-F33113E4E0CD}.Release|x86.ActiveCfg = Release|Any CPU
		{D22194FB-216F-4518-A630-F33113E4E0CD}.Release|x86.Build.0 = Release|Any CPU
		{056D19F3-6C8E-4A7B-906B-2BC348C155B9}.Debug|Any CPU.ActiveCfg = Debug|Any CPU
		{056D19F3-6C8E-4A7B-906B-2BC348C155B9}.Debug|Any CPU.Build.0 = Debug|Any CPU
		{056D19F3-6C8E-4A7B-906B-2BC348C155B9}.Debug|x64.ActiveCfg = Debug|Any CPU
		{056D19F3-6C8E-4A7B-906B-2BC348C155B9}.Debug|x64.Build.0 = Debug|Any CPU
		{056D19F3-6C8E-4A7B-906B-2BC348C155B9}.Debug|x86.ActiveCfg = Debug|Any CPU
		{056D19F3-6C8E-4A7B-906B-2BC348C155B9}.Debug|x86.Build.0 = Debug|Any CPU
		{056D19F3-6C8E-4A7B-906B-2BC348C155B9}.Release|Any CPU.ActiveCfg = Release|Any CPU
		{056D19F3-6C8E-4A7B-906B-2BC348C155B9}.Release|Any CPU.Build.0 = Release|Any CPU
		{056D19F3-6C8E-4A7B-906B-2BC348C155B9}.Release|x64.ActiveCfg = Release|Any CPU
		{056D19F3-6C8E-4A7B-906B-2BC348C155B9}.Release|x64.Build.0 = Release|Any CPU
		{056D19F3-6C8E-4A7B-906B-2BC348C155B9}.Release|x86.ActiveCfg = Release|Any CPU
		{056D19F3-6C8E-4A7B-906B-2BC348C155B9}.Release|x86.Build.0 = Release|Any CPU
		{C0DEC54D-838B-40D1-AB1A-6787B37A0264}.Debug|Any CPU.ActiveCfg = Debug|Any CPU
		{C0DEC54D-838B-40D1-AB1A-6787B37A0264}.Debug|Any CPU.Build.0 = Debug|Any CPU
		{C0DEC54D-838B-40D1-AB1A-6787B37A0264}.Debug|x64.ActiveCfg = Debug|Any CPU
		{C0DEC54D-838B-40D1-AB1A-6787B37A0264}.Debug|x64.Build.0 = Debug|Any CPU
		{C0DEC54D-838B-40D1-AB1A-6787B37A0264}.Debug|x86.ActiveCfg = Debug|Any CPU
		{C0DEC54D-838B-40D1-AB1A-6787B37A0264}.Debug|x86.Build.0 = Debug|Any CPU
		{C0DEC54D-838B-40D1-AB1A-6787B37A0264}.Release|Any CPU.ActiveCfg = Release|Any CPU
		{C0DEC54D-838B-40D1-AB1A-6787B37A0264}.Release|Any CPU.Build.0 = Release|Any CPU
		{C0DEC54D-838B-40D1-AB1A-6787B37A0264}.Release|x64.ActiveCfg = Release|Any CPU
		{C0DEC54D-838B-40D1-AB1A-6787B37A0264}.Release|x64.Build.0 = Release|Any CPU
		{C0DEC54D-838B-40D1-AB1A-6787B37A0264}.Release|x86.ActiveCfg = Release|Any CPU
		{C0DEC54D-838B-40D1-AB1A-6787B37A0264}.Release|x86.Build.0 = Release|Any CPU
		{E4BBAC68-1431-4E43-8081-8347F3C5D25C}.Debug|Any CPU.ActiveCfg = Debug|Any CPU
		{E4BBAC68-1431-4E43-8081-8347F3C5D25C}.Debug|Any CPU.Build.0 = Debug|Any CPU
		{E4BBAC68-1431-4E43-8081-8347F3C5D25C}.Debug|x64.ActiveCfg = Debug|Any CPU
		{E4BBAC68-1431-4E43-8081-8347F3C5D25C}.Debug|x64.Build.0 = Debug|Any CPU
		{E4BBAC68-1431-4E43-8081-8347F3C5D25C}.Debug|x86.ActiveCfg = Debug|Any CPU
		{E4BBAC68-1431-4E43-8081-8347F3C5D25C}.Debug|x86.Build.0 = Debug|Any CPU
		{E4BBAC68-1431-4E43-8081-8347F3C5D25C}.Release|Any CPU.ActiveCfg = Release|Any CPU
		{E4BBAC68-1431-4E43-8081-8347F3C5D25C}.Release|Any CPU.Build.0 = Release|Any CPU
		{E4BBAC68-1431-4E43-8081-8347F3C5D25C}.Release|x64.ActiveCfg = Release|Any CPU
		{E4BBAC68-1431-4E43-8081-8347F3C5D25C}.Release|x64.Build.0 = Release|Any CPU
		{E4BBAC68-1431-4E43-8081-8347F3C5D25C}.Release|x86.ActiveCfg = Release|Any CPU
		{E4BBAC68-1431-4E43-8081-8347F3C5D25C}.Release|x86.Build.0 = Release|Any CPU
		{7FBDDCB8-DEE9-4875-A283-491D5A411F22}.Debug|Any CPU.ActiveCfg = Debug|Any CPU
		{7FBDDCB8-DEE9-4875-A283-491D5A411F22}.Debug|Any CPU.Build.0 = Debug|Any CPU
		{7FBDDCB8-DEE9-4875-A283-491D5A411F22}.Debug|x64.ActiveCfg = Debug|Any CPU
		{7FBDDCB8-DEE9-4875-A283-491D5A411F22}.Debug|x64.Build.0 = Debug|Any CPU
		{7FBDDCB8-DEE9-4875-A283-491D5A411F22}.Debug|x86.ActiveCfg = Debug|Any CPU
		{7FBDDCB8-DEE9-4875-A283-491D5A411F22}.Debug|x86.Build.0 = Debug|Any CPU
		{7FBDDCB8-DEE9-4875-A283-491D5A411F22}.Release|Any CPU.ActiveCfg = Release|Any CPU
		{7FBDDCB8-DEE9-4875-A283-491D5A411F22}.Release|Any CPU.Build.0 = Release|Any CPU
		{7FBDDCB8-DEE9-4875-A283-491D5A411F22}.Release|x64.ActiveCfg = Release|Any CPU
		{7FBDDCB8-DEE9-4875-A283-491D5A411F22}.Release|x64.Build.0 = Release|Any CPU
		{7FBDDCB8-DEE9-4875-A283-491D5A411F22}.Release|x86.ActiveCfg = Release|Any CPU
		{7FBDDCB8-DEE9-4875-A283-491D5A411F22}.Release|x86.Build.0 = Release|Any CPU
		{1C626E1E-4F13-4F71-99BA-DD2F8E5A2F44}.Debug|Any CPU.ActiveCfg = Debug|Any CPU
		{1C626E1E-4F13-4F71-99BA-DD2F8E5A2F44}.Debug|x64.ActiveCfg = Debug|Any CPU
		{1C626E1E-4F13-4F71-99BA-DD2F8E5A2F44}.Debug|x86.ActiveCfg = Debug|Any CPU
		{1C626E1E-4F13-4F71-99BA-DD2F8E5A2F44}.Release|Any CPU.ActiveCfg = Release|Any CPU
		{1C626E1E-4F13-4F71-99BA-DD2F8E5A2F44}.Release|x64.ActiveCfg = Release|Any CPU
		{1C626E1E-4F13-4F71-99BA-DD2F8E5A2F44}.Release|x86.ActiveCfg = Release|Any CPU
		{AFE8C263-C29A-48F1-BCE4-83D3767BA49C}.Debug|Any CPU.ActiveCfg = Debug|Win32
		{AFE8C263-C29A-48F1-BCE4-83D3767BA49C}.Debug|x64.ActiveCfg = Debug|x64
		{AFE8C263-C29A-48F1-BCE4-83D3767BA49C}.Debug|x64.Build.0 = Debug|x64
		{AFE8C263-C29A-48F1-BCE4-83D3767BA49C}.Debug|x86.ActiveCfg = Debug|Win32
		{AFE8C263-C29A-48F1-BCE4-83D3767BA49C}.Debug|x86.Build.0 = Debug|Win32
		{AFE8C263-C29A-48F1-BCE4-83D3767BA49C}.Release|Any CPU.ActiveCfg = Release|Win32
		{AFE8C263-C29A-48F1-BCE4-83D3767BA49C}.Release|x64.ActiveCfg = Release|x64
		{AFE8C263-C29A-48F1-BCE4-83D3767BA49C}.Release|x64.Build.0 = Release|x64
		{AFE8C263-C29A-48F1-BCE4-83D3767BA49C}.Release|x86.ActiveCfg = Release|Win32
		{AFE8C263-C29A-48F1-BCE4-83D3767BA49C}.Release|x86.Build.0 = Release|Win32
		{090F088A-4CA7-4AD5-A675-CE00174E9C98}.Debug|Any CPU.ActiveCfg = Debug|Any CPU
		{090F088A-4CA7-4AD5-A675-CE00174E9C98}.Debug|Any CPU.Build.0 = Debug|Any CPU
		{090F088A-4CA7-4AD5-A675-CE00174E9C98}.Debug|x64.ActiveCfg = Debug|Any CPU
		{090F088A-4CA7-4AD5-A675-CE00174E9C98}.Debug|x64.Build.0 = Debug|Any CPU
		{090F088A-4CA7-4AD5-A675-CE00174E9C98}.Debug|x86.ActiveCfg = Debug|Any CPU
		{090F088A-4CA7-4AD5-A675-CE00174E9C98}.Debug|x86.Build.0 = Debug|Any CPU
		{090F088A-4CA7-4AD5-A675-CE00174E9C98}.Release|Any CPU.ActiveCfg = Release|Any CPU
		{090F088A-4CA7-4AD5-A675-CE00174E9C98}.Release|Any CPU.Build.0 = Release|Any CPU
		{090F088A-4CA7-4AD5-A675-CE00174E9C98}.Release|x64.ActiveCfg = Release|Any CPU
		{090F088A-4CA7-4AD5-A675-CE00174E9C98}.Release|x64.Build.0 = Release|Any CPU
		{090F088A-4CA7-4AD5-A675-CE00174E9C98}.Release|x86.ActiveCfg = Release|Any CPU
		{090F088A-4CA7-4AD5-A675-CE00174E9C98}.Release|x86.Build.0 = Release|Any CPU
		{2C09259A-8BDE-4A13-90C9-120F87949E0D}.Debug|Any CPU.ActiveCfg = Debug|Any CPU
		{2C09259A-8BDE-4A13-90C9-120F87949E0D}.Debug|Any CPU.Build.0 = Debug|Any CPU
		{2C09259A-8BDE-4A13-90C9-120F87949E0D}.Debug|x64.ActiveCfg = Debug|Any CPU
		{2C09259A-8BDE-4A13-90C9-120F87949E0D}.Debug|x64.Build.0 = Debug|Any CPU
		{2C09259A-8BDE-4A13-90C9-120F87949E0D}.Debug|x86.ActiveCfg = Debug|Any CPU
		{2C09259A-8BDE-4A13-90C9-120F87949E0D}.Debug|x86.Build.0 = Debug|Any CPU
		{2C09259A-8BDE-4A13-90C9-120F87949E0D}.Release|Any CPU.ActiveCfg = Release|Any CPU
		{2C09259A-8BDE-4A13-90C9-120F87949E0D}.Release|Any CPU.Build.0 = Release|Any CPU
		{2C09259A-8BDE-4A13-90C9-120F87949E0D}.Release|x64.ActiveCfg = Release|Any CPU
		{2C09259A-8BDE-4A13-90C9-120F87949E0D}.Release|x64.Build.0 = Release|Any CPU
		{2C09259A-8BDE-4A13-90C9-120F87949E0D}.Release|x86.ActiveCfg = Release|Any CPU
		{2C09259A-8BDE-4A13-90C9-120F87949E0D}.Release|x86.Build.0 = Release|Any CPU
	EndGlobalSection
	GlobalSection(SolutionProperties) = preSolution
		HideSolutionNode = FALSE
	EndGlobalSection
	GlobalSection(ExtensibilityGlobals) = postSolution
		SolutionGuid = {166953D7-0C40-4A05-8452-D7AE14C45BA1}
	EndGlobalSection
EndGlobal
